
Microsoft Visual Studio Solution File, Format Version 11.00
# Visual Studio 2010
Project("{FAE04EC0-301F-11D3-BF4B-00C04F79EFBC}") = "AnotherGHT", "AnotherGHT\AnotherGHT.csproj", "{CD777923-3144-4907-B8D0-C7469228F84A}"
EndProject
Global
	GlobalSection(SolutionConfigurationPlatforms) = preSolution
		Debug|Any CPU = Debug|Any CPU
		Release|Any CPU = Release|Any CPU
	EndGlobalSection
	GlobalSection(ProjectConfigurationPlatforms) = postSolution
		{CD777923-3144-4907-B8D0-C7469228F84A}.Debug|Any CPU.ActiveCfg = Debug|Any CPU
		{CD777923-3144-4907-B8D0-C7469228F84A}.Debug|Any CPU.Build.0 = Debug|Any CPU
		{CD777923-3144-4907-B8D0-C7469228F84A}.Release|Any CPU.ActiveCfg = Release|Any CPU
		{CD777923-3144-4907-B8D0-C7469228F84A}.Release|Any CPU.Build.0 = Release|Any CPU
	EndGlobalSection
	GlobalSection(SolutionProperties) = preSolution
		HideSolutionNode = FALSE
	EndGlobalSection
EndGlobal
